// !$*UTF8*$!
{
	archiveVersion = 1;
	classes = {
	};
	objectVersion = 46;
	objects = {

/* Begin PBXBuildFile section */
		CD008FB11B2879AA008CA41E /* PlaySoundsViewController.swift in Sources */ = {isa = PBXBuildFile; fileRef = CD008FB01B2879AA008CA41E /* PlaySoundsViewController.swift */; };
		CD008FB31B29C5BF008CA41E /* slow@2x~iphone.png in Resources */ = {isa = PBXBuildFile; fileRef = CD008FB21B29C5BF008CA41E /* slow@2x~iphone.png */; };
		CD008FB51B2A1D67008CA41E /* movie_quote.mp3 in Resources */ = {isa = PBXBuildFile; fileRef = CD008FB41B2A1D67008CA41E /* movie_quote.mp3 */; };
		CD6866DA1B1FCA6600A2C702 /* AppDelegate.swift in Sources */ = {isa = PBXBuildFile; fileRef = CD6866D91B1FCA6600A2C702 /* AppDelegate.swift */; };
		CD6866DC1B1FCA6600A2C702 /* RecordSoundsViewController.swift in Sources */ = {isa = PBXBuildFile; fileRef = CD6866DB1B1FCA6600A2C702 /* RecordSoundsViewController.swift */; };
		CD6866DF1B1FCA6600A2C702 /* Main.storyboard in Resources */ = {isa = PBXBuildFile; fileRef = CD6866DD1B1FCA6600A2C702 /* Main.storyboard */; };
		CD6866E11B1FCA6600A2C702 /* Images.xcassets in Resources */ = {isa = PBXBuildFile; fileRef = CD6866E01B1FCA6600A2C702 /* Images.xcassets */; };
		CD6866E41B1FCA6600A2C702 /* LaunchScreen.xib in Resources */ = {isa = PBXBuildFile; fileRef = CD6866E21B1FCA6600A2C702 /* LaunchScreen.xib */; };
		CD6866F01B1FCA6600A2C702 /* Pitch_PerfectTests.swift in Sources */ = {isa = PBXBuildFile; fileRef = CD6866EF1B1FCA6600A2C702 /* Pitch_PerfectTests.swift */; };
		CDB19B251B2F6B3A00A1B294 /* RecordedAudio.swift in Sources */ = {isa = PBXBuildFile; fileRef = CDB19B241B2F6B3A00A1B294 /* RecordedAudio.swift */; };
/* End PBXBuildFile section */

/* Begin PBXContainerItemProxy section */
		CD6866EA1B1FCA6600A2C702 /* PBXContainerItemProxy */ = {
			isa = PBXContainerItemProxy;
			containerPortal = CD6866CC1B1FCA6600A2C702 /* Project object */;
			proxyType = 1;
			remoteGlobalIDString = CD6866D31B1FCA6600A2C702;
			remoteInfo = "Pitch Perfect";
		};
/* End PBXContainerItemProxy section */

/* Begin PBXFileReference section */
		CD008FB01B2879AA008CA41E /* PlaySoundsViewController.swift */ = {isa = PBXFileReference; fileEncoding = 4; lastKnownFileType = sourcecode.swift; path = PlaySoundsViewController.swift; sourceTree = "<group>"; };
		CD008FB21B29C5BF008CA41E /* slow@2x~iphone.png */ = {isa = PBXFileReference; lastKnownFileType = image.png; name = "slow@2x~iphone.png"; path = "../../images/slow@2x~iphone.png"; sourceTree = "<group>"; };
		CD008FB41B2A1D67008CA41E /* movie_quote.mp3 */ = {isa = PBXFileReference; lastKnownFileType = audio.mp3; name = movie_quote.mp3; path = ../../sounds/movie_quote.mp3; sourceTree = "<group>"; };
		CD6866D41B1FCA6600A2C702 /* Pitch Perfect.app */ = {isa = PBXFileReference; explicitFileType = wrapper.application; includeInIndex = 0; path = "Pitch Perfect.app"; sourceTree = BUILT_PRODUCTS_DIR; };
		CD6866D81B1FCA6600A2C702 /* Info.plist */ = {isa = PBXFileReference; lastKnownFileType = text.plist.xml; path = Info.plist; sourceTree = "<group>"; };
		CD6866D91B1FCA6600A2C702 /* AppDelegate.swift */ = {isa = PBXFileReference; lastKnownFileType = sourcecode.swift; path = AppDelegate.swift; sourceTree = "<group>"; };
		CD6866DB1B1FCA6600A2C702 /* RecordSoundsViewController.swift */ = {isa = PBXFileReference; lastKnownFileType = sourcecode.swift; path = RecordSoundsViewController.swift; sourceTree = "<group>"; };
		CD6866DE1B1FCA6600A2C702 /* Base */ = {isa = PBXFileReference; lastKnownFileType = file.storyboard; name = Base; path = Base.lproj/Main.storyboard; sourceTree = "<group>"; };
		CD6866E01B1FCA6600A2C702 /* Images.xcassets */ = {isa = PBXFileReference; lastKnownFileType = folder.assetcatalog; path = Images.xcassets; sourceTree = "<group>"; };
		CD6866E31B1FCA6600A2C702 /* Base */ = {isa = PBXFileReference; lastKnownFileType = file.xib; name = Base; path = Base.lproj/LaunchScreen.xib; sourceTree = "<group>"; };
		CD6866E91B1FCA6600A2C702 /* Pitch PerfectTests.xctest */ = {isa = PBXFileReference; explicitFileType = wrapper.cfbundle; includeInIndex = 0; path = "Pitch PerfectTests.xctest"; sourceTree = BUILT_PRODUCTS_DIR; };
		CD6866EE1B1FCA6600A2C702 /* Info.plist */ = {isa = PBXFileReference; lastKnownFileType = text.plist.xml; path = Info.plist; sourceTree = "<group>"; };
		CD6866EF1B1FCA6600A2C702 /* Pitch_PerfectTests.swift */ = {isa = PBXFileReference; lastKnownFileType = sourcecode.swift; path = Pitch_PerfectTests.swift; sourceTree = "<group>"; };
		CDB19B241B2F6B3A00A1B294 /* RecordedAudio.swift */ = {isa = PBXFileReference; fileEncoding = 4; lastKnownFileType = sourcecode.swift; name = RecordedAudio.swift; path = ../RecordedAudio.swift; sourceTree = "<group>"; };
/* End PBXFileReference section */

/* Begin PBXFrameworksBuildPhase section */
		CD6866D11B1FCA6600A2C702 /* Frameworks */ = {
			isa = PBXFrameworksBuildPhase;
			buildActionMask = 2147483647;
			files = (
			);
			runOnlyForDeploymentPostprocessing = 0;
		};
		CD6866E61B1FCA6600A2C702 /* Frameworks */ = {
			isa = PBXFrameworksBuildPhase;
			buildActionMask = 2147483647;
			files = (
			);
			runOnlyForDeploymentPostprocessing = 0;
		};
/* End PBXFrameworksBuildPhase section */

/* Begin PBXGroup section */
		CD6866CB1B1FCA6600A2C702 = {
			isa = PBXGroup;
			children = (
				CD6866D61B1FCA6600A2C702 /* Pitch Perfect */,
				CD6866EC1B1FCA6600A2C702 /* Pitch PerfectTests */,
				CD6866D51B1FCA6600A2C702 /* Products */,
			);
			sourceTree = "<group>";
		};
		CD6866D51B1FCA6600A2C702 /* Products */ = {
			isa = PBXGroup;
			children = (
				CD6866D41B1FCA6600A2C702 /* Pitch Perfect.app */,
				CD6866E91B1FCA6600A2C702 /* Pitch PerfectTests.xctest */,
			);
			name = Products;
			sourceTree = "<group>";
		};
		CD6866D61B1FCA6600A2C702 /* Pitch Perfect */ = {
			isa = PBXGroup;
			children = (
				CDB19B241B2F6B3A00A1B294 /* RecordedAudio.swift */,
				CD008FB01B2879AA008CA41E /* PlaySoundsViewController.swift */,
				CD008FB21B29C5BF008CA41E /* slow@2x~iphone.png */,
				CD6866D91B1FCA6600A2C702 /* AppDelegate.swift */,
				CD6866DB1B1FCA6600A2C702 /* RecordSoundsViewController.swift */,
				CD6866DD1B1FCA6600A2C702 /* Main.storyboard */,
				CD6866E01B1FCA6600A2C702 /* Images.xcassets */,
				CD6866E21B1FCA6600A2C702 /* LaunchScreen.xib */,
				CD6866D71B1FCA6600A2C702 /* Supporting Files */,
			);
			path = "Pitch Perfect";
			sourceTree = "<group>";
		};
		CD6866D71B1FCA6600A2C702 /* Supporting Files */ = {
			isa = PBXGroup;
			children = (
				CD008FB41B2A1D67008CA41E /* movie_quote.mp3 */,
				CD6866D81B1FCA6600A2C702 /* Info.plist */,
			);
			name = "Supporting Files";
			sourceTree = "<group>";
		};
		CD6866EC1B1FCA6600A2C702 /* Pitch PerfectTests */ = {
			isa = PBXGroup;
			children = (
				CD6866EF1B1FCA6600A2C702 /* Pitch_PerfectTests.swift */,
				CD6866ED1B1FCA6600A2C702 /* Supporting Files */,
			);
			path = "Pitch PerfectTests";
			sourceTree = "<group>";
		};
		CD6866ED1B1FCA6600A2C702 /* Supporting Files */ = {
			isa = PBXGroup;
			children = (
				CD6866EE1B1FCA6600A2C702 /* Info.plist */,
			);
			name = "Supporting Files";
			sourceTree = "<group>";
		};
/* End PBXGroup section */

/* Begin PBXNativeTarget section */
		CD6866D31B1FCA6600A2C702 /* Pitch Perfect */ = {
			isa = PBXNativeTarget;
			buildConfigurationList = CD6866F31B1FCA6600A2C702 /* Build configuration list for PBXNativeTarget "Pitch Perfect" */;
			buildPhases = (
				CD6866D01B1FCA6600A2C702 /* Sources */,
				CD6866D11B1FCA6600A2C702 /* Frameworks */,
				CD6866D21B1FCA6600A2C702 /* Resources */,
			);
			buildRules = (
			);
			dependencies = (
			);
			name = "Pitch Perfect";
			productName = "Pitch Perfect";
			productReference = CD6866D41B1FCA6600A2C702 /* Pitch Perfect.app */;
			productType = "com.apple.product-type.application";
		};
		CD6866E81B1FCA6600A2C702 /* Pitch PerfectTests */ = {
			isa = PBXNativeTarget;
			buildConfigurationList = CD6866F61B1FCA6600A2C702 /* Build configuration list for PBXNativeTarget "Pitch PerfectTests" */;
			buildPhases = (
				CD6866E51B1FCA6600A2C702 /* Sources */,
				CD6866E61B1FCA6600A2C702 /* Frameworks */,
				CD6866E71B1FCA6600A2C702 /* Resources */,
			);
			buildRules = (
			);
			dependencies = (
				CD6866EB1B1FCA6600A2C702 /* PBXTargetDependency */,
			);
			name = "Pitch PerfectTests";
			productName = "Pitch PerfectTests";
			productReference = CD6866E91B1FCA6600A2C702 /* Pitch PerfectTests.xctest */;
			productType = "com.apple.product-type.bundle.unit-test";
		};
/* End PBXNativeTarget section */

/* Begin PBXProject section */
		CD6866CC1B1FCA6600A2C702 /* Project object */ = {
			isa = PBXProject;
			attributes = {
				LastUpgradeCheck = 0630;
				ORGANIZATIONNAME = "Guilherme Paiva";
				TargetAttributes = {
					CD6866D31B1FCA6600A2C702 = {
						CreatedOnToolsVersion = 6.3.2;
					};
					CD6866E81B1FCA6600A2C702 = {
						CreatedOnToolsVersion = 6.3.2;
						TestTargetID = CD6866D31B1FCA6600A2C702;
					};
				};
			};
			buildConfigurationList = CD6866CF1B1FCA6600A2C702 /* Build configuration list for PBXProject "Pitch Perfect" */;
			compatibilityVersion = "Xcode 3.2";
			developmentRegion = English;
			hasScannedForEncodings = 0;
			knownRegions = (
				en,
				Base,
			);
			mainGroup = CD6866CB1B1FCA6600A2C702;
			productRefGroup = CD6866D51B1FCA6600A2C702 /* Products */;
			projectDirPath = "";
			projectRoot = "";
			targets = (
				CD6866D31B1FCA6600A2C702 /* Pitch Perfect */,
				CD6866E81B1FCA6600A2C702 /* Pitch PerfectTests */,
			);
		};
/* End PBXProject section */

/* Begin PBXResourcesBuildPhase section */
		CD6866D21B1FCA6600A2C702 /* Resources */ = {
			isa = PBXResourcesBuildPhase;
			buildActionMask = 2147483647;
			files = (
				CD6866DF1B1FCA6600A2C702 /* Main.storyboard in Resources */,
				CD008FB31B29C5BF008CA41E /* slow@2x~iphone.png in Resources */,
				CD008FB51B2A1D67008CA41E /* movie_quote.mp3 in Resources */,
				CD6866E41B1FCA6600A2C702 /* LaunchScreen.xib in Resources */,
				CD6866E11B1FCA6600A2C702 /* Images.xcassets in Resources */,
			);
			runOnlyForDeploymentPostprocessing = 0;
		};
		CD6866E71B1FCA6600A2C702 /* Resources */ = {
			isa = PBXResourcesBuildPhase;
			buildActionMask = 2147483647;
			files = (
			);
			runOnlyForDeploymentPostprocessing = 0;
		};
/* End PBXResourcesBuildPhase section */

/* Begin PBXSourcesBuildPhase section */
		CD6866D01B1FCA6600A2C702 /* Sources */ = {
			isa = PBXSourcesBuildPhase;
			buildActionMask = 2147483647;
			files = (
				CDB19B251B2F6B3A00A1B294 /* RecordedAudio.swift in Sources */,
				CD6866DC1B1FCA6600A2C702 /* RecordSoundsViewController.swift in Sources */,
				CD008FB11B2879AA008CA41E /* PlaySoundsViewController.swift in Sources */,
				CD6866DA1B1FCA6600A2C702 /* AppDelegate.swift in Sources */,
			);
			runOnlyForDeploymentPostprocessing = 0;
		};
		CD6866E51B1FCA6600A2C702 /* Sources */ = {
			isa = PBXSourcesBuildPhase;
			buildActionMask = 2147483647;
			files = (
				CD6866F01B1FCA6600A2C702 /* Pitch_PerfectTests.swift in Sources */,
			);
			runOnlyForDeploymentPostprocessing = 0;
		};
/* End PBXSourcesBuildPhase section */

/* Begin PBXTargetDependency section */
		CD6866EB1B1FCA6600A2C702 /* PBXTargetDependency */ = {
			isa = PBXTargetDependency;
			target = CD6866D31B1FCA6600A2C702 /* Pitch Perfect */;
			targetProxy = CD6866EA1B1FCA6600A2C702 /* PBXContainerItemProxy */;
		};
/* End PBXTargetDependency section */

/* Begin PBXVariantGroup section */
		CD6866DD1B1FCA6600A2C702 /* Main.storyboard */ = {
			isa = PBXVariantGroup;
			children = (
				CD6866DE1B1FCA6600A2C702 /* Base */,
			);
			name = Main.storyboard;
			sourceTree = "<group>";
		};
		CD6866E21B1FCA6600A2C702 /* LaunchScreen.xib */ = {
			isa = PBXVariantGroup;
			children = (
				CD6866E31B1FCA6600A2C702 /* Base */,
			);
			name = LaunchScreen.xib;
			sourceTree = "<group>";
		};
/* End PBXVariantGroup section */

/* Begin XCBuildConfiguration section */
		CD6866F11B1FCA6600A2C702 /* Debug */ = {
			isa = XCBuildConfiguration;
			buildSettings = {
				ALWAYS_SEARCH_USER_PATHS = NO;
				CLANG_CXX_LANGUAGE_STANDARD = "gnu++0x";
				CLANG_CXX_LIBRARY = "libc++";
				CLANG_ENABLE_MODULES = YES;
				CLANG_ENABLE_OBJC_ARC = YES;
				CLANG_WARN_BOOL_CONVERSION = YES;
				CLANG_WARN_CONSTANT_CONVERSION = YES;
				CLANG_WARN_DIRECT_OBJC_ISA_USAGE = YES_ERROR;
				CLANG_WARN_EMPTY_BODY = YES;
				CLANG_WARN_ENUM_CONVERSION = YES;
				CLANG_WARN_INT_CONVERSION = YES;
				CLANG_WARN_OBJC_ROOT_CLASS = YES_ERROR;
				CLANG_WARN_UNREACHABLE_CODE = YES;
				CLANG_WARN__DUPLICATE_METHOD_MATCH = YES;
				"CODE_SIGN_IDENTITY[sdk=iphoneos*]" = "iPhone Developer";
				COPY_PHASE_STRIP = NO;
				DEBUG_INFORMATION_FORMAT = "dwarf-with-dsym";
				ENABLE_STRICT_OBJC_MSGSEND = YES;
				GCC_C_LANGUAGE_STANDARD = gnu99;
				GCC_DYNAMIC_NO_PIC = NO;
				GCC_NO_COMMON_BLOCKS = YES;
				GCC_OPTIMIZATION_LEVEL = 0;
				GCC_PREPROCESSOR_DEFINITIONS = (
					"DEBUG=1",
					"$(inherited)",
				);
				GCC_SYMBOLS_PRIVATE_EXTERN = NO;
				GCC_WARN_64_TO_32_BIT_CONVERSION = YES;
				GCC_WARN_ABOUT_RETURN_TYPE = YES_ERROR;
				GCC_WARN_UNDECLARED_SELECTOR = YES;
				GCC_WARN_UNINITIALIZED_AUTOS = YES_AGGRESSIVE;
				GCC_WARN_UNUSED_FUNCTION = YES;
				GCC_WARN_UNUSED_VARIABLE = YES;
				IPHONEOS_DEPLOYMENT_TARGET = 8.3;
				MTL_ENABLE_DEBUG_INFO = YES;
				ONLY_ACTIVE_ARCH = YES;
				SDKROOT = iphoneos;
				SWIFT_OPTIMIZATION_LEVEL = "-Onone";
			};
			name = Debug;
		};
		CD6866F21B1FCA6600A2C702 /* Release */ = {
			isa = XCBuildConfiguration;
			buildSettings = {
				ALWAYS_SEARCH_USER_PATHS = NO;
				CLANG_CXX_LANGUAGE_STANDARD = "gnu++0x";
				CLANG_CXX_LIBRARY = "libc++";
				CLANG_ENABLE_MODULES = YES;
				CLANG_ENABLE_OBJC_ARC = YES;
				CLANG_WARN_BOOL_CONVERSION = YES;
				CLANG_WARN_CONSTANT_CONVERSION = YES;
				CLANG_WARN_DIRECT_OBJC_ISA_USAGE = YES_ERROR;
				CLANG_WARN_EMPTY_BODY = YES;
				CLANG_WARN_ENUM_CONVERSION = YES;
				CLANG_WARN_INT_CONVERSION = YES;
				CLANG_WARN_OBJC_ROOT_CLASS = YES_ERROR;
				CLANG_WARN_UNREACHABLE_CODE = YES;
				CLANG_WARN__DUPLICATE_METHOD_MATCH = YES;
				"CODE_SIGN_IDENTITY[sdk=iphoneos*]" = "iPhone Developer";
				COPY_PHASE_STRIP = NO;
				DEBUG_INFORMATION_FORMAT = "dwarf-with-dsym";
				ENABLE_NS_ASSERTIONS = NO;
				ENABLE_STRICT_OBJC_MSGSEND = YES;
				GCC_C_LANGUAGE_STANDARD = gnu99;
				GCC_NO_COMMON_BLOCKS = YES;
				GCC_WARN_64_TO_32_BIT_CONVERSION = YES;
				GCC_WARN_ABOUT_RETURN_TYPE = YES_ERROR;
				GCC_WARN_UNDECLARED_SELECTOR = YES;
				GCC_WARN_UNINITIALIZED_AUTOS = YES_AGGRESSIVE;
				GCC_WARN_UNUSED_FUNCTION = YES;
				GCC_WARN_UNUSED_VARIABLE = YES;
				IPHONEOS_DEPLOYMENT_TARGET = 8.3;
				MTL_ENABLE_DEBUG_INFO = NO;
				SDKROOT = iphoneos;
				VALIDATE_PRODUCT = YES;
			};
			name = Release;
		};
		CD6866F41B1FCA6600A2C702 /* Debug */ = {
			isa = XCBuildConfiguration;
			buildSettings = {
				ASSETCATALOG_COMPILER_APPICON_NAME = AppIcon;
				INFOPLIST_FILE = "Pitch Perfect/Info.plist";
				LD_RUNPATH_SEARCH_PATHS = "$(inherited) @executable_path/Frameworks";
				PRODUCT_NAME = "$(TARGET_NAME)";
			};
			name = Debug;
		};
		CD6866F51B1FCA6600A2C702 /* Release */ = {
			isa = XCBuildConfiguration;
			buildSettings = {
				ASSETCATALOG_COMPILER_APPICON_NAME = AppIcon;
				INFOPLIST_FILE = "Pitch Perfect/Info.plist";
				LD_RUNPATH_SEARCH_PATHS = "$(inherited) @executable_path/Frameworks";
				PRODUCT_NAME = "$(TARGET_NAME)";
			};
			name = Release;
		};
		CD6866F71B1FCA6600A2C702 /* Debug */ = {
			isa = XCBuildConfiguration;
			buildSettings = {
				BUNDLE_LOADER = "$(TEST_HOST)";
				FRAMEWORK_SEARCH_PATHS = (
					"$(SDKROOT)/Developer/Library/Frameworks",
					"$(inherited)",
				);
				GCC_PREPROCESSOR_DEFINITIONS = (
					"DEBUG=1",
					"$(inherited)",
				);
				INFOPLIST_FILE = "Pitch PerfectTests/Info.plist";
				LD_RUNPATH_SEARCH_PATHS = "$(inherited) @executable_path/Frameworks @loader_path/Frameworks";
				PRODUCT_NAME = "$(TARGET_NAME)";
				TEST_HOST = "$(BUILT_PRODUCTS_DIR)/Pitch Perfect.app/Pitch Perfect";
			};
			name = Debug;
		};
		CD6866F81B1FCA6600A2C702 /* Release */ = {
			isa = XCBuildConfiguration;
			buildSettings = {
				BUNDLE_LOADER = "$(TEST_HOST)";
				FRAMEWORK_SEARCH_PATHS = (
					"$(SDKROOT)/Developer/Library/Frameworks",
					"$(inherited)",
				);
				INFOPLIST_FILE = "Pitch PerfectTests/Info.plist";
				LD_RUNPATH_SEARCH_PATHS = "$(inherited) @executable_path/Frameworks @loader_path/Frameworks";
				PRODUCT_NAME = "$(TARGET_NAME)";
				TEST_HOST = "$(BUILT_PRODUCTS_DIR)/Pitch Perfect.app/Pitch Perfect";
			};
			name = Release;
		};
/* End XCBuildConfiguration section */

/* Begin XCConfigurationList section */
		CD6866CF1B1FCA6600A2C702 /* Build configuration list for PBXProject "Pitch Perfect" */ = {
			isa = XCConfigurationList;
			buildConfigurations = (
				CD6866F11B1FCA6600A2C702 /* Debug */,
				CD6866F21B1FCA6600A2C702 /* Release */,
			);
			defaultConfigurationIsVisible = 0;
			defaultConfigurationName = Release;
		};
		CD6866F31B1FCA6600A2C702 /* Build configuration list for PBXNativeTarget "Pitch Perfect" */ = {
			isa = XCConfigurationList;
			buildConfigurations = (
				CD6866F41B1FCA6600A2C702 /* Debug */,
				CD6866F51B1FCA6600A2C702 /* Release */,
			);
			defaultConfigurationIsVisible = 0;
			defaultConfigurationName = Release;
		};
		CD6866F61B1FCA6600A2C702 /* Build configuration list for PBXNativeTarget "Pitch PerfectTests" */ = {
			isa = XCConfigurationList;
			buildConfigurations = (
				CD6866F71B1FCA6600A2C702 /* Debug */,
				CD6866F81B1FCA6600A2C702 /* Release */,
			);
			defaultConfigurationIsVisible = 0;
			defaultConfigurationName = Release;
		};
/* End XCConfigurationList section */
	};
	rootObject = CD6866CC1B1FCA6600A2C702 /* Project object */;
}
